<?xml version="1.0" encoding="utf-8"?>
<Project ToolsVersion="4.0" xmlns="http://schemas.microsoft.com/developer/msbuild/2003">
  <ItemGroup>
    <Filter Include="Source Files">
      <UniqueIdentifier>{4FC737F1-C7A5-4376-A066-2A32D752A2FF}</UniqueIdentifier>
      <Extensions>cpp;c;cc;cxx;c++;cppm;ixx;def;odl;idl;hpj;bat;asm;asmx</Extensions>
    </Filter>
    <Filter Include="Header Files">
      <UniqueIdentifier>{93995380-89BD-4b04-88EB-625FBE52EBFB}</UniqueIdentifier>
      <Extensions>h;hh;hpp;hxx;h++;hm;inl;inc;ipp;xsd</Extensions>
    </Filter>
    <Filter Include="Resource Files">
      <UniqueIdentifier>{67DA6AB6-F800-4c08-8B7A-83BB121AAD01}</UniqueIdentifier>
      <Extensions>rc;ico;cur;bmp;dlg;rc2;rct;bin;rgs;gif;jpg;jpeg;jpe;resx;tiff;tif;png;wav;mfcribbon-ms</Extensions>
    </Filter>
    <Filter Include="Source Files\SnoTests">
      <UniqueIdentifier>{6c784272-1e6d-4a4a-bba7-3677dee0813d}</UniqueIdentifier>
    </Filter>
  </ItemGroup>
  <ItemGroup>
    <ClCompile Include="sno_testmain.c">
      <Filter>Source Files</Filter>
    </ClCompile>
    <ClCompile Include="sno_state.c">
      <Filter>Source Files</Filter>
    </ClCompile>
    <ClCompile Include="sno_string.c">
      <Filter>Source Files</Filter>
    </ClCompile>
    <ClCompile Include="sno_mem.c">
      <Filter>Source Files</Filter>
    </ClCompile>
    <ClCompile Include="sno_value.c">
      <Filter>Source Files</Filter>
    </ClCompile>
    <ClCompile Include="sno_parser.c">
      <Filter>Source Files</Filter>
    </ClCompile>
    <ClCompile Include="sno_tokenizer.c">
      <Filter>Source Files</Filter>
    </ClCompile>
    <ClCompile Include="sno_vm.c">
      <Filter>Source Files</Filter>
    </ClCompile>
    <ClCompile Include="sno_lib.c">
      <Filter>Source Files</Filter>
    </ClCompile>
    <ClCompile Include="sno_lib_array.c">
      <Filter>Source Files</Filter>
    </ClCompile>
    <ClCompile Include="sno_lib_core.c">
      <Filter>Source Files</Filter>
    </ClCompile>
    <ClCompile Include="sno_lib_math.c">
      <Filter>Source Files</Filter>
    </ClCompile>
    <ClCompile Include="sno_lib_string.c">
      <Filter>Source Files</Filter>
    </ClCompile>
    <ClCompile Include="sno_lib_table.c">
      <Filter>Source Files</Filter>
    </ClCompile>
    <ClCompile Include="sno_gc.c">
      <Filter>Source Files</Filter>
    </ClCompile>
  </ItemGroup>
  <ItemGroup>
    <ClInclude Include="sno_mem.h">
      <Filter>Source Files</Filter>
    </ClInclude>
    <ClInclude Include="sno_parser.h">
      <Filter>Source Files</Filter>
    </ClInclude>
    <ClInclude Include="sno_state.h">
      <Filter>Source Files</Filter>
    </ClInclude>
    <ClInclude Include="sno_string.h">
      <Filter>Source Files</Filter>
    </ClInclude>
    <ClInclude Include="sno_utility.h">
      <Filter>Source Files</Filter>
    </ClInclude>
    <ClInclude Include="sno_value.h">
      <Filter>Source Files</Filter>
    </ClInclude>
    <ClInclude Include="sno_vm.h">
      <Filter>Source Files</Filter>
    </ClInclude>
    <ClInclude Include="sno_lib.h">
      <Filter>Source Files</Filter>
    </ClInclude>
    <ClInclude Include="sno_gc.h">
      <Filter>Source Files</Filter>
    </ClInclude>
  </ItemGroup>
  <ItemGroup>
    <Text Include="onesno.c">
      <Filter>Source Files</Filter>
    </Text>
    <Text Include="endline_syntax.txt">
      <Filter>Source Files</Filter>
    </Text>
  </ItemGroup>
  <ItemGroup>
    <None Include="test.sno">
      <Filter>Source Files</Filter>
    </None>
    <None Include="SnoTests\tables.sno">
      <Filter>Source Files\SnoTests</Filter>
    </None>
    <None Include="SnoTests\corelib.sno">
      <Filter>Source Files\SnoTests</Filter>
    </None>
  </ItemGroup>
</Project>